
Microsoft Visual Studio Solution File, Format Version 12.00
# Visual Studio Version 17
VisualStudioVersion = 17.5.002.0
MinimumVisualStudioVersion = 10.0.40219.1
Project("{9A19103F-16F7-4668-BE54-9A1E7A4F7556}") = "Morsekod", "Morsekod.csproj", "{723F0B3E-868F-45EC-8E88-8DC398EF77F1}"
EndProject
Global
	GlobalSection(SolutionConfigurationPlatforms) = preSolution
		Debug|Any CPU = Debug|Any CPU
		Release|Any CPU = Release|Any CPU
	EndGlobalSection
	GlobalSection(ProjectConfigurationPlatforms) = postSolution
		{723F0B3E-868F-45EC-8E88-8DC398EF77F1}.Debug|Any CPU.ActiveCfg = Debug|Any CPU
		{723F0B3E-868F-45EC-8E88-8DC398EF77F1}.Debug|Any CPU.Build.0 = Debug|Any CPU
		{723F0B3E-868F-45EC-8E88-8DC398EF77F1}.Release|Any CPU.ActiveCfg = Release|Any CPU
		{723F0B3E-868F-45EC-8E88-8DC398EF77F1}.Release|Any CPU.Build.0 = Release|Any CPU
	EndGlobalSection
	GlobalSection(SolutionProperties) = preSolution
		HideSolutionNode = FALSE
	EndGlobalSection
	GlobalSection(ExtensibilityGlobals) = postSolution
		SolutionGuid = {110E532A-4209-449A-A889-6FB077A2228C}
	EndGlobalSection
EndGlobal
