
Microsoft Visual Studio Solution File, Format Version 12.00
# Visual Studio Version 17
VisualStudioVersion = 17.5.002.0
MinimumVisualStudioVersion = 10.0.40219.1
Project("{9A19103F-16F7-4668-BE54-9A1E7A4F7556}") = "Intro", "Intro\Intro.csproj", "{016D85BC-ED66-4CA6-BA2D-6490873B404F}"
EndProject
Project("{9A19103F-16F7-4668-BE54-9A1E7A4F7556}") = "MyWpfApp1", "MyWpfApp1\MyWpfApp1.csproj", "{B9C7B6F7-167B-4EAB-93AC-C9746BFFE09C}"
EndProject
Project("{FAE04EC0-301F-11D3-BF4B-00C04F79EFBC}") = "MauiApp1", "MauiApp1\MauiApp1.csproj", "{61801A23-778D-4D98-8320-115A412918EE}"
EndProject
Global
	GlobalSection(SolutionConfigurationPlatforms) = preSolution
		Debug|Any CPU = Debug|Any CPU
		Release|Any CPU = Release|Any CPU
	EndGlobalSection
	GlobalSection(ProjectConfigurationPlatforms) = postSolution
		{016D85BC-ED66-4CA6-BA2D-6490873B404F}.Debug|Any CPU.ActiveCfg = Debug|Any CPU
		{016D85BC-ED66-4CA6-BA2D-6490873B404F}.Debug|Any CPU.Build.0 = Debug|Any CPU
		{016D85BC-ED66-4CA6-BA2D-6490873B404F}.Release|Any CPU.ActiveCfg = Release|Any CPU
		{016D85BC-ED66-4CA6-BA2D-6490873B404F}.Release|Any CPU.Build.0 = Release|Any CPU
		{B9C7B6F7-167B-4EAB-93AC-C9746BFFE09C}.Debug|Any CPU.ActiveCfg = Debug|Any CPU
		{B9C7B6F7-167B-4EAB-93AC-C9746BFFE09C}.Debug|Any CPU.Build.0 = Debug|Any CPU
		{B9C7B6F7-167B-4EAB-93AC-C9746BFFE09C}.Release|Any CPU.ActiveCfg = Release|Any CPU
		{B9C7B6F7-167B-4EAB-93AC-C9746BFFE09C}.Release|Any CPU.Build.0 = Release|Any CPU
		{61801A23-778D-4D98-8320-115A412918EE}.Debug|Any CPU.ActiveCfg = Debug|Any CPU
		{61801A23-778D-4D98-8320-115A412918EE}.Debug|Any CPU.Build.0 = Debug|Any CPU
		{61801A23-778D-4D98-8320-115A412918EE}.Release|Any CPU.ActiveCfg = Release|Any CPU
		{61801A23-778D-4D98-8320-115A412918EE}.Release|Any CPU.Build.0 = Release|Any CPU
	EndGlobalSection
	GlobalSection(SolutionProperties) = preSolution
		HideSolutionNode = FALSE
	EndGlobalSection
	GlobalSection(ExtensibilityGlobals) = postSolution
		SolutionGuid = {77D46B42-BC14-417F-A7A9-0CC6DEEC69F4}
	EndGlobalSection
EndGlobal
