
Microsoft Visual Studio Solution File, Format Version 12.00
# Visual Studio Version 17
VisualStudioVersion = 17.5.002.0
MinimumVisualStudioVersion = 10.0.40219.1
Project("{9A19103F-16F7-4668-BE54-9A1E7A4F7556}") = "HelloWorld", "HelloWorld\HelloWorld.csproj", "{4681B05F-53C0-429D-BB1A-C1050AE7E910}"
EndProject
Project("{2150E333-8FDC-42A3-9474-1A3956D46DE8}") = "Kapitel-1", "Kapitel-1", "{FD8E29EC-5260-4338-8F7D-151C9BE04F46}"
EndProject
Project("{9A19103F-16F7-4668-BE54-9A1E7A4F7556}") = "Lucktext", "Kapitel-1\Lucktext\Lucktext.csproj", "{D34BE3F6-5475-4A9A-A465-E3C02F04F500}"
EndProject
Project("{9A19103F-16F7-4668-BE54-9A1E7A4F7556}") = "Registrering", "Kapitel-1\Registrering\Registrering.csproj", "{62854445-8E39-4279-89D9-B8FF4FBCB35F}"
EndProject
Project("{2150E333-8FDC-42A3-9474-1A3956D46DE8}") = "Kapitel-2", "Kapitel-2", "{EC27B20D-026B-4823-AFD0-228151A3FE5B}"
EndProject
Project("{9A19103F-16F7-4668-BE54-9A1E7A4F7556}") = "CelsiusFahrenheit", "Kapitel-2\CelsiusFahrenheit\CelsiusFahrenheit.csproj", "{228FEF00-1DF6-4DFA-979F-B6AA18B6EB20}"
EndProject
Project("{9A19103F-16F7-4668-BE54-9A1E7A4F7556}") = "FahrenheitCelsius", "Kapitel-2\FahrenheitCelsius\FahrenheitCelsius.csproj", "{F4CFBD83-40B9-4981-B592-5260CEF27680}"
EndProject
Project("{2150E333-8FDC-42A3-9474-1A3956D46DE8}") = "Kapitel-3", "Kapitel-3", "{93FAB137-9EE6-4E77-BF86-B1C1476C0978}"
EndProject
Project("{9A19103F-16F7-4668-BE54-9A1E7A4F7556}") = "AlderGranser", "Kapitel-3\AlderGranser\AlderGranser.csproj", "{B607039E-9998-486C-92DD-64A7559C36DF}"
EndProject
Project("{9A19103F-16F7-4668-BE54-9A1E7A4F7556}") = "EngChart", "Kapitel-3\EngChart\EngChart.csproj", "{C8165887-BAA7-4B98-9167-A96CC06AB724}"
EndProject
Project("{9A19103F-16F7-4668-BE54-9A1E7A4F7556}") = "GissaTalet", "Kapitel-3\GissaTalet\GissaTalet.csproj", "{5CFDC99B-C012-41C6-93CA-EAE4D0A796E6}"
EndProject
Project("{2150E333-8FDC-42A3-9474-1A3956D46DE8}") = "Kapitel-4", "Kapitel-4", "{82EEAFE7-4F19-486E-97CA-2E69C1574EE9}"
EndProject
Project("{9A19103F-16F7-4668-BE54-9A1E7A4F7556}") = "BlackJack", "Kapitel-4\BlackJack\BlackJack.csproj", "{ABC22638-C84E-4C3A-BB9A-0271547CD6A1}"
EndProject
Project("{9A19103F-16F7-4668-BE54-9A1E7A4F7556}") = "GissaTalet2", "Kapitel-4\GissaTalet2\GissaTalet2.csproj", "{364D340F-F77F-49F6-AE49-BADE36E6A9A8}"
EndProject
Project("{9A19103F-16F7-4668-BE54-9A1E7A4F7556}") = "MenyProgram", "Kapitel-4\MenyProgram\MenyProgram.csproj", "{D8371C5C-3AD8-41EA-B13F-E033C65E0D32}"
EndProject
Project("{9A19103F-16F7-4668-BE54-9A1E7A4F7556}") = "Quiz", "Kapitel-4\Quiz\Quiz.csproj", "{1D34FEC8-B8BD-4633-9724-D9C77159C948}"
EndProject
Project("{9A19103F-16F7-4668-BE54-9A1E7A4F7556}") = "Texteditor", "Kapitel-4\Texteditor\Texteditor.csproj", "{56D56295-6DED-4E39-AF5B-BE9F7EC6E9A4}"
EndProject
Project("{2150E333-8FDC-42A3-9474-1A3956D46DE8}") = "Kapitel-5", "Kapitel-5", "{35204383-28CE-4B5A-9BD3-ADC9B8D07A8C}"
EndProject
Project("{9A19103F-16F7-4668-BE54-9A1E7A4F7556}") = "CeasarKrypto", "Kapitel-5\CeasarKrypto\CeasarKrypto.csproj", "{8796E9B6-0E75-4C8C-A2AD-0D76AC627A1D}"
EndProject
Project("{9A19103F-16F7-4668-BE54-9A1E7A4F7556}") = "Kortspel", "Kapitel-5\Kortspel\Kortspel.csproj", "{CDB99C05-3E31-4CA5-88BC-6C77D9910CFD}"
EndProject
Project("{9A19103F-16F7-4668-BE54-9A1E7A4F7556}") = "Morsekod", "Kapitel-5\Morsekod\Morsekod.csproj", "{E4361702-5475-4C33-8289-296F326AC49C}"
EndProject
Project("{9A19103F-16F7-4668-BE54-9A1E7A4F7556}") = "Namnregister", "Kapitel-5\Namnregister\Namnregister.csproj", "{16702D7C-988B-42FA-8AFB-097E807F4BFE}"
EndProject
Project("{9A19103F-16F7-4668-BE54-9A1E7A4F7556}") = "SlumpadLista", "Kapitel-5\SlumpadLista\SlumpadLista.csproj", "{8C03E599-402E-42AB-8110-55763E69933D}"
EndProject
Project("{2150E333-8FDC-42A3-9474-1A3956D46DE8}") = "Prover", "Prover", "{6DF24F52-0578-4D8B-8487-4AFCB1FAF9B3}"
EndProject
Project("{9A19103F-16F7-4668-BE54-9A1E7A4F7556}") = "Prov1b", "Prover\Prov1b\Prov1b.csproj", "{C2D525E3-18E7-49D3-960B-9FBC6B0B5486}"
EndProject
Global
	GlobalSection(SolutionConfigurationPlatforms) = preSolution
		Debug|Any CPU = Debug|Any CPU
		Release|Any CPU = Release|Any CPU
	EndGlobalSection
	GlobalSection(ProjectConfigurationPlatforms) = postSolution
		{4681B05F-53C0-429D-BB1A-C1050AE7E910}.Debug|Any CPU.ActiveCfg = Debug|Any CPU
		{4681B05F-53C0-429D-BB1A-C1050AE7E910}.Debug|Any CPU.Build.0 = Debug|Any CPU
		{4681B05F-53C0-429D-BB1A-C1050AE7E910}.Release|Any CPU.ActiveCfg = Release|Any CPU
		{4681B05F-53C0-429D-BB1A-C1050AE7E910}.Release|Any CPU.Build.0 = Release|Any CPU
		{D34BE3F6-5475-4A9A-A465-E3C02F04F500}.Debug|Any CPU.ActiveCfg = Debug|Any CPU
		{D34BE3F6-5475-4A9A-A465-E3C02F04F500}.Debug|Any CPU.Build.0 = Debug|Any CPU
		{D34BE3F6-5475-4A9A-A465-E3C02F04F500}.Release|Any CPU.ActiveCfg = Release|Any CPU
		{D34BE3F6-5475-4A9A-A465-E3C02F04F500}.Release|Any CPU.Build.0 = Release|Any CPU
		{62854445-8E39-4279-89D9-B8FF4FBCB35F}.Debug|Any CPU.ActiveCfg = Debug|Any CPU
		{62854445-8E39-4279-89D9-B8FF4FBCB35F}.Debug|Any CPU.Build.0 = Debug|Any CPU
		{62854445-8E39-4279-89D9-B8FF4FBCB35F}.Release|Any CPU.ActiveCfg = Release|Any CPU
		{62854445-8E39-4279-89D9-B8FF4FBCB35F}.Release|Any CPU.Build.0 = Release|Any CPU
		{228FEF00-1DF6-4DFA-979F-B6AA18B6EB20}.Debug|Any CPU.ActiveCfg = Debug|Any CPU
		{228FEF00-1DF6-4DFA-979F-B6AA18B6EB20}.Debug|Any CPU.Build.0 = Debug|Any CPU
		{228FEF00-1DF6-4DFA-979F-B6AA18B6EB20}.Release|Any CPU.ActiveCfg = Release|Any CPU
		{228FEF00-1DF6-4DFA-979F-B6AA18B6EB20}.Release|Any CPU.Build.0 = Release|Any CPU
		{F4CFBD83-40B9-4981-B592-5260CEF27680}.Debug|Any CPU.ActiveCfg = Debug|Any CPU
		{F4CFBD83-40B9-4981-B592-5260CEF27680}.Debug|Any CPU.Build.0 = Debug|Any CPU
		{F4CFBD83-40B9-4981-B592-5260CEF27680}.Release|Any CPU.ActiveCfg = Release|Any CPU
		{F4CFBD83-40B9-4981-B592-5260CEF27680}.Release|Any CPU.Build.0 = Release|Any CPU
		{B607039E-9998-486C-92DD-64A7559C36DF}.Debug|Any CPU.ActiveCfg = Debug|Any CPU
		{B607039E-9998-486C-92DD-64A7559C36DF}.Debug|Any CPU.Build.0 = Debug|Any CPU
		{B607039E-9998-486C-92DD-64A7559C36DF}.Release|Any CPU.ActiveCfg = Release|Any CPU
		{B607039E-9998-486C-92DD-64A7559C36DF}.Release|Any CPU.Build.0 = Release|Any CPU
		{C8165887-BAA7-4B98-9167-A96CC06AB724}.Debug|Any CPU.ActiveCfg = Debug|Any CPU
		{C8165887-BAA7-4B98-9167-A96CC06AB724}.Debug|Any CPU.Build.0 = Debug|Any CPU
		{C8165887-BAA7-4B98-9167-A96CC06AB724}.Release|Any CPU.ActiveCfg = Release|Any CPU
		{C8165887-BAA7-4B98-9167-A96CC06AB724}.Release|Any CPU.Build.0 = Release|Any CPU
		{5CFDC99B-C012-41C6-93CA-EAE4D0A796E6}.Debug|Any CPU.ActiveCfg = Debug|Any CPU
		{5CFDC99B-C012-41C6-93CA-EAE4D0A796E6}.Debug|Any CPU.Build.0 = Debug|Any CPU
		{5CFDC99B-C012-41C6-93CA-EAE4D0A796E6}.Release|Any CPU.ActiveCfg = Release|Any CPU
		{5CFDC99B-C012-41C6-93CA-EAE4D0A796E6}.Release|Any CPU.Build.0 = Release|Any CPU
		{ABC22638-C84E-4C3A-BB9A-0271547CD6A1}.Debug|Any CPU.ActiveCfg = Debug|Any CPU
		{ABC22638-C84E-4C3A-BB9A-0271547CD6A1}.Debug|Any CPU.Build.0 = Debug|Any CPU
		{ABC22638-C84E-4C3A-BB9A-0271547CD6A1}.Release|Any CPU.ActiveCfg = Release|Any CPU
		{ABC22638-C84E-4C3A-BB9A-0271547CD6A1}.Release|Any CPU.Build.0 = Release|Any CPU
		{364D340F-F77F-49F6-AE49-BADE36E6A9A8}.Debug|Any CPU.ActiveCfg = Debug|Any CPU
		{364D340F-F77F-49F6-AE49-BADE36E6A9A8}.Debug|Any CPU.Build.0 = Debug|Any CPU
		{364D340F-F77F-49F6-AE49-BADE36E6A9A8}.Release|Any CPU.ActiveCfg = Release|Any CPU
		{364D340F-F77F-49F6-AE49-BADE36E6A9A8}.Release|Any CPU.Build.0 = Release|Any CPU
		{D8371C5C-3AD8-41EA-B13F-E033C65E0D32}.Debug|Any CPU.ActiveCfg = Debug|Any CPU
		{D8371C5C-3AD8-41EA-B13F-E033C65E0D32}.Debug|Any CPU.Build.0 = Debug|Any CPU
		{D8371C5C-3AD8-41EA-B13F-E033C65E0D32}.Release|Any CPU.ActiveCfg = Release|Any CPU
		{D8371C5C-3AD8-41EA-B13F-E033C65E0D32}.Release|Any CPU.Build.0 = Release|Any CPU
		{1D34FEC8-B8BD-4633-9724-D9C77159C948}.Debug|Any CPU.ActiveCfg = Debug|Any CPU
		{1D34FEC8-B8BD-4633-9724-D9C77159C948}.Debug|Any CPU.Build.0 = Debug|Any CPU
		{1D34FEC8-B8BD-4633-9724-D9C77159C948}.Release|Any CPU.ActiveCfg = Release|Any CPU
		{1D34FEC8-B8BD-4633-9724-D9C77159C948}.Release|Any CPU.Build.0 = Release|Any CPU
		{56D56295-6DED-4E39-AF5B-BE9F7EC6E9A4}.Debug|Any CPU.ActiveCfg = Debug|Any CPU
		{56D56295-6DED-4E39-AF5B-BE9F7EC6E9A4}.Debug|Any CPU.Build.0 = Debug|Any CPU
		{56D56295-6DED-4E39-AF5B-BE9F7EC6E9A4}.Release|Any CPU.ActiveCfg = Release|Any CPU
		{56D56295-6DED-4E39-AF5B-BE9F7EC6E9A4}.Release|Any CPU.Build.0 = Release|Any CPU
		{8796E9B6-0E75-4C8C-A2AD-0D76AC627A1D}.Debug|Any CPU.ActiveCfg = Debug|Any CPU
		{8796E9B6-0E75-4C8C-A2AD-0D76AC627A1D}.Debug|Any CPU.Build.0 = Debug|Any CPU
		{8796E9B6-0E75-4C8C-A2AD-0D76AC627A1D}.Release|Any CPU.ActiveCfg = Release|Any CPU
		{8796E9B6-0E75-4C8C-A2AD-0D76AC627A1D}.Release|Any CPU.Build.0 = Release|Any CPU
		{CDB99C05-3E31-4CA5-88BC-6C77D9910CFD}.Debug|Any CPU.ActiveCfg = Debug|Any CPU
		{CDB99C05-3E31-4CA5-88BC-6C77D9910CFD}.Debug|Any CPU.Build.0 = Debug|Any CPU
		{CDB99C05-3E31-4CA5-88BC-6C77D9910CFD}.Release|Any CPU.ActiveCfg = Release|Any CPU
		{CDB99C05-3E31-4CA5-88BC-6C77D9910CFD}.Release|Any CPU.Build.0 = Release|Any CPU
		{E4361702-5475-4C33-8289-296F326AC49C}.Debug|Any CPU.ActiveCfg = Debug|Any CPU
		{E4361702-5475-4C33-8289-296F326AC49C}.Debug|Any CPU.Build.0 = Debug|Any CPU
		{E4361702-5475-4C33-8289-296F326AC49C}.Release|Any CPU.ActiveCfg = Release|Any CPU
		{E4361702-5475-4C33-8289-296F326AC49C}.Release|Any CPU.Build.0 = Release|Any CPU
		{16702D7C-988B-42FA-8AFB-097E807F4BFE}.Debug|Any CPU.ActiveCfg = Debug|Any CPU
		{16702D7C-988B-42FA-8AFB-097E807F4BFE}.Debug|Any CPU.Build.0 = Debug|Any CPU
		{16702D7C-988B-42FA-8AFB-097E807F4BFE}.Release|Any CPU.ActiveCfg = Release|Any CPU
		{16702D7C-988B-42FA-8AFB-097E807F4BFE}.Release|Any CPU.Build.0 = Release|Any CPU
		{8C03E599-402E-42AB-8110-55763E69933D}.Debug|Any CPU.ActiveCfg = Debug|Any CPU
		{8C03E599-402E-42AB-8110-55763E69933D}.Debug|Any CPU.Build.0 = Debug|Any CPU
		{8C03E599-402E-42AB-8110-55763E69933D}.Release|Any CPU.ActiveCfg = Release|Any CPU
		{8C03E599-402E-42AB-8110-55763E69933D}.Release|Any CPU.Build.0 = Release|Any CPU
		{C2D525E3-18E7-49D3-960B-9FBC6B0B5486}.Debug|Any CPU.ActiveCfg = Debug|Any CPU
		{C2D525E3-18E7-49D3-960B-9FBC6B0B5486}.Debug|Any CPU.Build.0 = Debug|Any CPU
		{C2D525E3-18E7-49D3-960B-9FBC6B0B5486}.Release|Any CPU.ActiveCfg = Release|Any CPU
		{C2D525E3-18E7-49D3-960B-9FBC6B0B5486}.Release|Any CPU.Build.0 = Release|Any CPU
	EndGlobalSection
	GlobalSection(SolutionProperties) = preSolution
		HideSolutionNode = FALSE
	EndGlobalSection
	GlobalSection(NestedProjects) = preSolution
		{D34BE3F6-5475-4A9A-A465-E3C02F04F500} = {FD8E29EC-5260-4338-8F7D-151C9BE04F46}
		{62854445-8E39-4279-89D9-B8FF4FBCB35F} = {FD8E29EC-5260-4338-8F7D-151C9BE04F46}
		{228FEF00-1DF6-4DFA-979F-B6AA18B6EB20} = {EC27B20D-026B-4823-AFD0-228151A3FE5B}
		{F4CFBD83-40B9-4981-B592-5260CEF27680} = {EC27B20D-026B-4823-AFD0-228151A3FE5B}
		{B607039E-9998-486C-92DD-64A7559C36DF} = {93FAB137-9EE6-4E77-BF86-B1C1476C0978}
		{C8165887-BAA7-4B98-9167-A96CC06AB724} = {93FAB137-9EE6-4E77-BF86-B1C1476C0978}
		{5CFDC99B-C012-41C6-93CA-EAE4D0A796E6} = {93FAB137-9EE6-4E77-BF86-B1C1476C0978}
		{ABC22638-C84E-4C3A-BB9A-0271547CD6A1} = {82EEAFE7-4F19-486E-97CA-2E69C1574EE9}
		{364D340F-F77F-49F6-AE49-BADE36E6A9A8} = {82EEAFE7-4F19-486E-97CA-2E69C1574EE9}
		{D8371C5C-3AD8-41EA-B13F-E033C65E0D32} = {82EEAFE7-4F19-486E-97CA-2E69C1574EE9}
		{1D34FEC8-B8BD-4633-9724-D9C77159C948} = {82EEAFE7-4F19-486E-97CA-2E69C1574EE9}
		{56D56295-6DED-4E39-AF5B-BE9F7EC6E9A4} = {82EEAFE7-4F19-486E-97CA-2E69C1574EE9}
		{8796E9B6-0E75-4C8C-A2AD-0D76AC627A1D} = {35204383-28CE-4B5A-9BD3-ADC9B8D07A8C}
		{CDB99C05-3E31-4CA5-88BC-6C77D9910CFD} = {35204383-28CE-4B5A-9BD3-ADC9B8D07A8C}
		{E4361702-5475-4C33-8289-296F326AC49C} = {35204383-28CE-4B5A-9BD3-ADC9B8D07A8C}
		{16702D7C-988B-42FA-8AFB-097E807F4BFE} = {35204383-28CE-4B5A-9BD3-ADC9B8D07A8C}
		{8C03E599-402E-42AB-8110-55763E69933D} = {35204383-28CE-4B5A-9BD3-ADC9B8D07A8C}
		{C2D525E3-18E7-49D3-960B-9FBC6B0B5486} = {6DF24F52-0578-4D8B-8487-4AFCB1FAF9B3}
	EndGlobalSection
	GlobalSection(ExtensibilityGlobals) = postSolution
		SolutionGuid = {9AA64EC4-B479-40F9-A0DC-4879BB1CB495}
	EndGlobalSection
EndGlobal
