
Microsoft Visual Studio Solution File, Format Version 12.00
# Visual Studio Version 17
VisualStudioVersion = 17.5.002.0
MinimumVisualStudioVersion = 10.0.40219.1
Project("{9A19103F-16F7-4668-BE54-9A1E7A4F7556}") = "SlumpadLista2", "SlumpadLista2.csproj", "{21178ADB-BDCA-4E16-945E-98420E7C05FD}"
EndProject
Global
	GlobalSection(SolutionConfigurationPlatforms) = preSolution
		Debug|Any CPU = Debug|Any CPU
		Release|Any CPU = Release|Any CPU
	EndGlobalSection
	GlobalSection(ProjectConfigurationPlatforms) = postSolution
		{21178ADB-BDCA-4E16-945E-98420E7C05FD}.Debug|Any CPU.ActiveCfg = Debug|Any CPU
		{21178ADB-BDCA-4E16-945E-98420E7C05FD}.Debug|Any CPU.Build.0 = Debug|Any CPU
		{21178ADB-BDCA-4E16-945E-98420E7C05FD}.Release|Any CPU.ActiveCfg = Release|Any CPU
		{21178ADB-BDCA-4E16-945E-98420E7C05FD}.Release|Any CPU.Build.0 = Release|Any CPU
	EndGlobalSection
	GlobalSection(SolutionProperties) = preSolution
		HideSolutionNode = FALSE
	EndGlobalSection
	GlobalSection(ExtensibilityGlobals) = postSolution
		SolutionGuid = {88229ED8-33A9-41CD-A3BB-3A6CB3F1F6B9}
	EndGlobalSection
EndGlobal
