
Microsoft Visual Studio Solution File, Format Version 12.00
# Visual Studio Version 17
VisualStudioVersion = 17.5.002.0
MinimumVisualStudioVersion = 10.0.40219.1
Project("{9A19103F-16F7-4668-BE54-9A1E7A4F7556}") = "Prov1b", "Prov1b.csproj", "{2979A379-E7CC-4BB1-9978-EFB31BCA16C5}"
EndProject
Global
	GlobalSection(SolutionConfigurationPlatforms) = preSolution
		Debug|Any CPU = Debug|Any CPU
		Release|Any CPU = Release|Any CPU
	EndGlobalSection
	GlobalSection(ProjectConfigurationPlatforms) = postSolution
		{2979A379-E7CC-4BB1-9978-EFB31BCA16C5}.Debug|Any CPU.ActiveCfg = Debug|Any CPU
		{2979A379-E7CC-4BB1-9978-EFB31BCA16C5}.Debug|Any CPU.Build.0 = Debug|Any CPU
		{2979A379-E7CC-4BB1-9978-EFB31BCA16C5}.Release|Any CPU.ActiveCfg = Release|Any CPU
		{2979A379-E7CC-4BB1-9978-EFB31BCA16C5}.Release|Any CPU.Build.0 = Release|Any CPU
	EndGlobalSection
	GlobalSection(SolutionProperties) = preSolution
		HideSolutionNode = FALSE
	EndGlobalSection
	GlobalSection(ExtensibilityGlobals) = postSolution
		SolutionGuid = {83034218-7B9C-45F2-8568-6697881C69C6}
	EndGlobalSection
EndGlobal
