
Microsoft Visual Studio Solution File, Format Version 12.00
# Visual Studio Version 17
VisualStudioVersion = 17.5.002.0
MinimumVisualStudioVersion = 10.0.40219.1
Project("{9A19103F-16F7-4668-BE54-9A1E7A4F7556}") = "BlackJack", "BlackJack.csproj", "{61A8E330-B010-4B20-8C86-47FEE2C005B6}"
EndProject
Global
	GlobalSection(SolutionConfigurationPlatforms) = preSolution
		Debug|Any CPU = Debug|Any CPU
		Release|Any CPU = Release|Any CPU
	EndGlobalSection
	GlobalSection(ProjectConfigurationPlatforms) = postSolution
		{61A8E330-B010-4B20-8C86-47FEE2C005B6}.Debug|Any CPU.ActiveCfg = Debug|Any CPU
		{61A8E330-B010-4B20-8C86-47FEE2C005B6}.Debug|Any CPU.Build.0 = Debug|Any CPU
		{61A8E330-B010-4B20-8C86-47FEE2C005B6}.Release|Any CPU.ActiveCfg = Release|Any CPU
		{61A8E330-B010-4B20-8C86-47FEE2C005B6}.Release|Any CPU.Build.0 = Release|Any CPU
	EndGlobalSection
	GlobalSection(SolutionProperties) = preSolution
		HideSolutionNode = FALSE
	EndGlobalSection
	GlobalSection(ExtensibilityGlobals) = postSolution
		SolutionGuid = {E21DFC9F-8440-4E46-B7FD-A66E29E5CE87}
	EndGlobalSection
EndGlobal
